
Microsoft Visual Studio Solution File, Format Version 12.00
# Visual Studio 15
VisualStudioVersion = 15.0.26430.13
MinimumVisualStudioVersion = 10.0.40219.1
Project("{FAE04EC0-301F-11D3-BF4B-00C04F79EFBC}") = "MyGarageSale", "MyGarageSale\MyGarageSale.csproj", "{4F365CD0-F703-4972-92C5-DFE9AAD409FD}"
EndProject
Project("{2150E333-8FDC-42A3-9474-1A3956D46DE8}") = "Mobile", "Mobile", "{A48A24F6-CA7C-4799-B58F-78874B1C3D27}"
EndProject
Project("{FAE04EC0-301F-11D3-BF4B-00C04F79EFBC}") = "MyGarageSale.Android", "MyGarageSale.Android\MyGarageSale.Android.csproj", "{BDE0CADB-AA9A-494B-B42F-B1AE0F7AD897}"
EndProject
Project("{FAE04EC0-301F-11D3-BF4B-00C04F79EFBC}") = "MyGarageSale.iOS", "MyGarageSale.iOS\MyGarageSale.iOS.csproj", "{EAA53BB2-6B56-4583-B9CB-1F0125260144}"
EndProject
Project("{FAE04EC0-301F-11D3-BF4B-00C04F79EFBC}") = "MyGarageSale.Shared", "MyGarageSale.Shared\MyGarageSale.Shared.csproj", "{67F9D3A8-F71E-4428-913F-C37AE82CDB24}"
EndProject
Project("{2150E333-8FDC-42A3-9474-1A3956D46DE8}") = "Server", "Server", "{2EB38538-40CB-4E17-8FD7-C23F563A5C25}"
EndProject
Project("{FAE04EC0-301F-11D3-BF4B-00C04F79EFBC}") = "MyGarageSale.Services", "Server\MyGarageSale.Business\MyGarageSale.Services.csproj", "{6DCBDF91-CC1C-4FCD-B000-431BEF51A073}"
EndProject
Project("{FAE04EC0-301F-11D3-BF4B-00C04F79EFBC}") = "MyGarageSale.DataRepositories", "Server\MyGarageSale.DAL\MyGarageSale.DataRepositories.csproj", "{1DD18034-334F-4350-9CB7-C90009EAB963}"
EndProject
Project("{FAE04EC0-301F-11D3-BF4B-00C04F79EFBC}") = "MyGarageSale.Persistence", "Server\MyGarageSale.Persistence\MyGarageSale.Persistence.csproj", "{A06EAE67-7D5E-4F2D-A654-64286F5BA4A4}"
EndProject
Project("{FAE04EC0-301F-11D3-BF4B-00C04F79EFBC}") = "MyGarageSale.Server.Shared", "Server\MyGarageSale.Server.Shared\MyGarageSale.Server.Shared.csproj", "{F2BE275D-096A-43FF-AE70-14F1BD814922}"
EndProject
Project("{FAE04EC0-301F-11D3-BF4B-00C04F79EFBC}") = "MyGarageSale.Web", "Server\MyGarageSale.Web\MyGarageSale.Web.csproj", "{1533D02C-BC00-491B-BEE3-23D7BB8235B0}"
EndProject
Global
	GlobalSection(SolutionConfigurationPlatforms) = preSolution
		Ad-Hoc|Any CPU = Ad-Hoc|Any CPU
		Ad-Hoc|iPhone = Ad-Hoc|iPhone
		Ad-Hoc|iPhoneSimulator = Ad-Hoc|iPhoneSimulator
		AppStore|Any CPU = AppStore|Any CPU
		AppStore|iPhone = AppStore|iPhone
		AppStore|iPhoneSimulator = AppStore|iPhoneSimulator
		Debug|Any CPU = Debug|Any CPU
		Debug|iPhone = Debug|iPhone
		Debug|iPhoneSimulator = Debug|iPhoneSimulator
		Release|Any CPU = Release|Any CPU
		Release|iPhone = Release|iPhone
		Release|iPhoneSimulator = Release|iPhoneSimulator
		ServerConfig|Any CPU = ServerConfig|Any CPU
		ServerConfig|iPhone = ServerConfig|iPhone
		ServerConfig|iPhoneSimulator = ServerConfig|iPhoneSimulator
	EndGlobalSection
	GlobalSection(ProjectConfigurationPlatforms) = postSolution
		{4F365CD0-F703-4972-92C5-DFE9AAD409FD}.Ad-Hoc|Any CPU.ActiveCfg = ServerConfig|Any CPU
		{4F365CD0-F703-4972-92C5-DFE9AAD409FD}.Ad-Hoc|Any CPU.Build.0 = ServerConfig|Any CPU
		{4F365CD0-F703-4972-92C5-DFE9AAD409FD}.Ad-Hoc|iPhone.ActiveCfg = ServerConfig|Any CPU
		{4F365CD0-F703-4972-92C5-DFE9AAD409FD}.Ad-Hoc|iPhone.Build.0 = ServerConfig|Any CPU
		{4F365CD0-F703-4972-92C5-DFE9AAD409FD}.Ad-Hoc|iPhoneSimulator.ActiveCfg = ServerConfig|Any CPU
		{4F365CD0-F703-4972-92C5-DFE9AAD409FD}.Ad-Hoc|iPhoneSimulator.Build.0 = ServerConfig|Any CPU
		{4F365CD0-F703-4972-92C5-DFE9AAD409FD}.AppStore|Any CPU.ActiveCfg = ServerConfig|Any CPU
		{4F365CD0-F703-4972-92C5-DFE9AAD409FD}.AppStore|Any CPU.Build.0 = ServerConfig|Any CPU
		{4F365CD0-F703-4972-92C5-DFE9AAD409FD}.AppStore|iPhone.ActiveCfg = ServerConfig|Any CPU
		{4F365CD0-F703-4972-92C5-DFE9AAD409FD}.AppStore|iPhone.Build.0 = ServerConfig|Any CPU
		{4F365CD0-F703-4972-92C5-DFE9AAD409FD}.AppStore|iPhoneSimulator.ActiveCfg = ServerConfig|Any CPU
		{4F365CD0-F703-4972-92C5-DFE9AAD409FD}.AppStore|iPhoneSimulator.Build.0 = ServerConfig|Any CPU
		{4F365CD0-F703-4972-92C5-DFE9AAD409FD}.Debug|Any CPU.ActiveCfg = Debug|Any CPU
		{4F365CD0-F703-4972-92C5-DFE9AAD409FD}.Debug|iPhone.ActiveCfg = Debug|Any CPU
		{4F365CD0-F703-4972-92C5-DFE9AAD409FD}.Debug|iPhone.Build.0 = Debug|Any CPU
		{4F365CD0-F703-4972-92C5-DFE9AAD409FD}.Debug|iPhoneSimulator.ActiveCfg = Debug|Any CPU
		{4F365CD0-F703-4972-92C5-DFE9AAD409FD}.Debug|iPhoneSimulator.Build.0 = Debug|Any CPU
		{4F365CD0-F703-4972-92C5-DFE9AAD409FD}.Release|Any CPU.ActiveCfg = Release|Any CPU
		{4F365CD0-F703-4972-92C5-DFE9AAD409FD}.Release|Any CPU.Build.0 = Release|Any CPU
		{4F365CD0-F703-4972-92C5-DFE9AAD409FD}.Release|iPhone.ActiveCfg = Release|Any CPU
		{4F365CD0-F703-4972-92C5-DFE9AAD409FD}.Release|iPhone.Build.0 = Release|Any CPU
		{4F365CD0-F703-4972-92C5-DFE9AAD409FD}.Release|iPhoneSimulator.ActiveCfg = Release|Any CPU
		{4F365CD0-F703-4972-92C5-DFE9AAD409FD}.Release|iPhoneSimulator.Build.0 = Release|Any CPU
		{4F365CD0-F703-4972-92C5-DFE9AAD409FD}.ServerConfig|Any CPU.ActiveCfg = ServerConfig|Any CPU
		{4F365CD0-F703-4972-92C5-DFE9AAD409FD}.ServerConfig|Any CPU.Build.0 = ServerConfig|Any CPU
		{4F365CD0-F703-4972-92C5-DFE9AAD409FD}.ServerConfig|iPhone.ActiveCfg = ServerConfig|Any CPU
		{4F365CD0-F703-4972-92C5-DFE9AAD409FD}.ServerConfig|iPhone.Build.0 = ServerConfig|Any CPU
		{4F365CD0-F703-4972-92C5-DFE9AAD409FD}.ServerConfig|iPhoneSimulator.ActiveCfg = ServerConfig|Any CPU
		{4F365CD0-F703-4972-92C5-DFE9AAD409FD}.ServerConfig|iPhoneSimulator.Build.0 = ServerConfig|Any CPU
		{BDE0CADB-AA9A-494B-B42F-B1AE0F7AD897}.Ad-Hoc|Any CPU.ActiveCfg = ServerConfig|Any CPU
		{BDE0CADB-AA9A-494B-B42F-B1AE0F7AD897}.Ad-Hoc|Any CPU.Build.0 = ServerConfig|Any CPU
		{BDE0CADB-AA9A-494B-B42F-B1AE0F7AD897}.Ad-Hoc|Any CPU.Deploy.0 = ServerConfig|Any CPU
		{BDE0CADB-AA9A-494B-B42F-B1AE0F7AD897}.Ad-Hoc|iPhone.ActiveCfg = ServerConfig|Any CPU
		{BDE0CADB-AA9A-494B-B42F-B1AE0F7AD897}.Ad-Hoc|iPhone.Build.0 = ServerConfig|Any CPU
		{BDE0CADB-AA9A-494B-B42F-B1AE0F7AD897}.Ad-Hoc|iPhone.Deploy.0 = ServerConfig|Any CPU
		{BDE0CADB-AA9A-494B-B42F-B1AE0F7AD897}.Ad-Hoc|iPhoneSimulator.ActiveCfg = ServerConfig|Any CPU
		{BDE0CADB-AA9A-494B-B42F-B1AE0F7AD897}.Ad-Hoc|iPhoneSimulator.Build.0 = ServerConfig|Any CPU
		{BDE0CADB-AA9A-494B-B42F-B1AE0F7AD897}.Ad-Hoc|iPhoneSimulator.Deploy.0 = ServerConfig|Any CPU
		{BDE0CADB-AA9A-494B-B42F-B1AE0F7AD897}.AppStore|Any CPU.ActiveCfg = ServerConfig|Any CPU
		{BDE0CADB-AA9A-494B-B42F-B1AE0F7AD897}.AppStore|Any CPU.Build.0 = ServerConfig|Any CPU
		{BDE0CADB-AA9A-494B-B42F-B1AE0F7AD897}.AppStore|Any CPU.Deploy.0 = ServerConfig|Any CPU
		{BDE0CADB-AA9A-494B-B42F-B1AE0F7AD897}.AppStore|iPhone.ActiveCfg = ServerConfig|Any CPU
		{BDE0CADB-AA9A-494B-B42F-B1AE0F7AD897}.AppStore|iPhone.Build.0 = ServerConfig|Any CPU
		{BDE0CADB-AA9A-494B-B42F-B1AE0F7AD897}.AppStore|iPhone.Deploy.0 = ServerConfig|Any CPU
		{BDE0CADB-AA9A-494B-B42F-B1AE0F7AD897}.AppStore|iPhoneSimulator.ActiveCfg = ServerConfig|Any CPU
		{BDE0CADB-AA9A-494B-B42F-B1AE0F7AD897}.AppStore|iPhoneSimulator.Build.0 = ServerConfig|Any CPU
		{BDE0CADB-AA9A-494B-B42F-B1AE0F7AD897}.AppStore|iPhoneSimulator.Deploy.0 = ServerConfig|Any CPU
		{BDE0CADB-AA9A-494B-B42F-B1AE0F7AD897}.Debug|Any CPU.ActiveCfg = Debug|Any CPU
		{BDE0CADB-AA9A-494B-B42F-B1AE0F7AD897}.Debug|Any CPU.Deploy.0 = Debug|Any CPU
		{BDE0CADB-AA9A-494B-B42F-B1AE0F7AD897}.Debug|iPhone.ActiveCfg = Debug|Any CPU
		{BDE0CADB-AA9A-494B-B42F-B1AE0F7AD897}.Debug|iPhone.Build.0 = Debug|Any CPU
		{BDE0CADB-AA9A-494B-B42F-B1AE0F7AD897}.Debug|iPhone.Deploy.0 = Debug|Any CPU
		{BDE0CADB-AA9A-494B-B42F-B1AE0F7AD897}.Debug|iPhoneSimulator.ActiveCfg = Debug|Any CPU
		{BDE0CADB-AA9A-494B-B42F-B1AE0F7AD897}.Debug|iPhoneSimulator.Build.0 = Debug|Any CPU
		{BDE0CADB-AA9A-494B-B42F-B1AE0F7AD897}.Debug|iPhoneSimulator.Deploy.0 = Debug|Any CPU
		{BDE0CADB-AA9A-494B-B42F-B1AE0F7AD897}.Release|Any CPU.ActiveCfg = Release|Any CPU
		{BDE0CADB-AA9A-494B-B42F-B1AE0F7AD897}.Release|Any CPU.Build.0 = Release|Any CPU
		{BDE0CADB-AA9A-494B-B42F-B1AE0F7AD897}.Release|iPhone.ActiveCfg = Release|Any CPU
		{BDE0CADB-AA9A-494B-B42F-B1AE0F7AD897}.Release|iPhone.Build.0 = Release|Any CPU
		{BDE0CADB-AA9A-494B-B42F-B1AE0F7AD897}.Release|iPhone.Deploy.0 = Release|Any CPU
		{BDE0CADB-AA9A-494B-B42F-B1AE0F7AD897}.Release|iPhoneSimulator.ActiveCfg = Release|Any CPU
		{BDE0CADB-AA9A-494B-B42F-B1AE0F7AD897}.Release|iPhoneSimulator.Build.0 = Release|Any CPU
		{BDE0CADB-AA9A-494B-B42F-B1AE0F7AD897}.Release|iPhoneSimulator.Deploy.0 = Release|Any CPU
		{BDE0CADB-AA9A-494B-B42F-B1AE0F7AD897}.ServerConfig|Any CPU.ActiveCfg = ServerConfig|Any CPU
		{BDE0CADB-AA9A-494B-B42F-B1AE0F7AD897}.ServerConfig|Any CPU.Build.0 = ServerConfig|Any CPU
		{BDE0CADB-AA9A-494B-B42F-B1AE0F7AD897}.ServerConfig|Any CPU.Deploy.0 = ServerConfig|Any CPU
		{BDE0CADB-AA9A-494B-B42F-B1AE0F7AD897}.ServerConfig|iPhone.ActiveCfg = ServerConfig|Any CPU
		{BDE0CADB-AA9A-494B-B42F-B1AE0F7AD897}.ServerConfig|iPhone.Build.0 = ServerConfig|Any CPU
		{BDE0CADB-AA9A-494B-B42F-B1AE0F7AD897}.ServerConfig|iPhone.Deploy.0 = ServerConfig|Any CPU
		{BDE0CADB-AA9A-494B-B42F-B1AE0F7AD897}.ServerConfig|iPhoneSimulator.ActiveCfg = ServerConfig|Any CPU
		{BDE0CADB-AA9A-494B-B42F-B1AE0F7AD897}.ServerConfig|iPhoneSimulator.Build.0 = ServerConfig|Any CPU
		{BDE0CADB-AA9A-494B-B42F-B1AE0F7AD897}.ServerConfig|iPhoneSimulator.Deploy.0 = ServerConfig|Any CPU
		{EAA53BB2-6B56-4583-B9CB-1F0125260144}.Ad-Hoc|Any CPU.ActiveCfg = Ad-Hoc|iPhone
		{EAA53BB2-6B56-4583-B9CB-1F0125260144}.Ad-Hoc|iPhone.ActiveCfg = Ad-Hoc|iPhone
		{EAA53BB2-6B56-4583-B9CB-1F0125260144}.Ad-Hoc|iPhone.Build.0 = Ad-Hoc|iPhone
		{EAA53BB2-6B56-4583-B9CB-1F0125260144}.Ad-Hoc|iPhoneSimulator.ActiveCfg = Ad-Hoc|iPhoneSimulator
		{EAA53BB2-6B56-4583-B9CB-1F0125260144}.Ad-Hoc|iPhoneSimulator.Build.0 = Ad-Hoc|iPhoneSimulator
		{EAA53BB2-6B56-4583-B9CB-1F0125260144}.AppStore|Any CPU.ActiveCfg = AppStore|iPhone
		{EAA53BB2-6B56-4583-B9CB-1F0125260144}.AppStore|iPhone.ActiveCfg = AppStore|iPhone
		{EAA53BB2-6B56-4583-B9CB-1F0125260144}.AppStore|iPhone.Build.0 = AppStore|iPhone
		{EAA53BB2-6B56-4583-B9CB-1F0125260144}.AppStore|iPhoneSimulator.ActiveCfg = AppStore|iPhoneSimulator
		{EAA53BB2-6B56-4583-B9CB-1F0125260144}.AppStore|iPhoneSimulator.Build.0 = AppStore|iPhoneSimulator
		{EAA53BB2-6B56-4583-B9CB-1F0125260144}.Debug|Any CPU.ActiveCfg = Debug|iPhone
		{EAA53BB2-6B56-4583-B9CB-1F0125260144}.Debug|iPhone.ActiveCfg = Debug|iPhone
		{EAA53BB2-6B56-4583-B9CB-1F0125260144}.Debug|iPhone.Build.0 = Debug|iPhone
		{EAA53BB2-6B56-4583-B9CB-1F0125260144}.Debug|iPhoneSimulator.ActiveCfg = Debug|iPhoneSimulator
		{EAA53BB2-6B56-4583-B9CB-1F0125260144}.Debug|iPhoneSimulator.Build.0 = Debug|iPhoneSimulator
		{EAA53BB2-6B56-4583-B9CB-1F0125260144}.Release|Any CPU.ActiveCfg = Release|iPhone
		{EAA53BB2-6B56-4583-B9CB-1F0125260144}.Release|iPhone.ActiveCfg = Release|iPhone
		{EAA53BB2-6B56-4583-B9CB-1F0125260144}.Release|iPhone.Build.0 = Release|iPhone
		{EAA53BB2-6B56-4583-B9CB-1F0125260144}.Release|iPhoneSimulator.ActiveCfg = Release|iPhoneSimulator
		{EAA53BB2-6B56-4583-B9CB-1F0125260144}.Release|iPhoneSimulator.Build.0 = Release|iPhoneSimulator
		{EAA53BB2-6B56-4583-B9CB-1F0125260144}.ServerConfig|Any CPU.ActiveCfg = ServerConfig|iPhone
		{EAA53BB2-6B56-4583-B9CB-1F0125260144}.ServerConfig|iPhone.ActiveCfg = ServerConfig|iPhone
		{EAA53BB2-6B56-4583-B9CB-1F0125260144}.ServerConfig|iPhone.Build.0 = ServerConfig|iPhone
		{EAA53BB2-6B56-4583-B9CB-1F0125260144}.ServerConfig|iPhoneSimulator.ActiveCfg = ServerConfig|iPhoneSimulator
		{EAA53BB2-6B56-4583-B9CB-1F0125260144}.ServerConfig|iPhoneSimulator.Build.0 = ServerConfig|iPhoneSimulator
		{67F9D3A8-F71E-4428-913F-C37AE82CDB24}.Ad-Hoc|Any CPU.ActiveCfg = ServerConfig|Any CPU
		{67F9D3A8-F71E-4428-913F-C37AE82CDB24}.Ad-Hoc|Any CPU.Build.0 = ServerConfig|Any CPU
		{67F9D3A8-F71E-4428-913F-C37AE82CDB24}.Ad-Hoc|iPhone.ActiveCfg = ServerConfig|Any CPU
		{67F9D3A8-F71E-4428-913F-C37AE82CDB24}.Ad-Hoc|iPhone.Build.0 = ServerConfig|Any CPU
		{67F9D3A8-F71E-4428-913F-C37AE82CDB24}.Ad-Hoc|iPhoneSimulator.ActiveCfg = ServerConfig|Any CPU
		{67F9D3A8-F71E-4428-913F-C37AE82CDB24}.Ad-Hoc|iPhoneSimulator.Build.0 = ServerConfig|Any CPU
		{67F9D3A8-F71E-4428-913F-C37AE82CDB24}.AppStore|Any CPU.ActiveCfg = ServerConfig|Any CPU
		{67F9D3A8-F71E-4428-913F-C37AE82CDB24}.AppStore|Any CPU.Build.0 = ServerConfig|Any CPU
		{67F9D3A8-F71E-4428-913F-C37AE82CDB24}.AppStore|iPhone.ActiveCfg = ServerConfig|Any CPU
		{67F9D3A8-F71E-4428-913F-C37AE82CDB24}.AppStore|iPhone.Build.0 = ServerConfig|Any CPU
		{67F9D3A8-F71E-4428-913F-C37AE82CDB24}.AppStore|iPhoneSimulator.ActiveCfg = ServerConfig|Any CPU
		{67F9D3A8-F71E-4428-913F-C37AE82CDB24}.AppStore|iPhoneSimulator.Build.0 = ServerConfig|Any CPU
		{67F9D3A8-F71E-4428-913F-C37AE82CDB24}.Debug|Any CPU.ActiveCfg = Debug|Any CPU
		{67F9D3A8-F71E-4428-913F-C37AE82CDB24}.Debug|Any CPU.Build.0 = Debug|Any CPU
		{67F9D3A8-F71E-4428-913F-C37AE82CDB24}.Debug|iPhone.ActiveCfg = Debug|Any CPU
		{67F9D3A8-F71E-4428-913F-C37AE82CDB24}.Debug|iPhone.Build.0 = Debug|Any CPU
		{67F9D3A8-F71E-4428-913F-C37AE82CDB24}.Debug|iPhoneSimulator.ActiveCfg = Debug|Any CPU
		{67F9D3A8-F71E-4428-913F-C37AE82CDB24}.Debug|iPhoneSimulator.Build.0 = Debug|Any CPU
		{67F9D3A8-F71E-4428-913F-C37AE82CDB24}.Release|Any CPU.ActiveCfg = Release|Any CPU
		{67F9D3A8-F71E-4428-913F-C37AE82CDB24}.Release|Any CPU.Build.0 = Release|Any CPU
		{67F9D3A8-F71E-4428-913F-C37AE82CDB24}.Release|iPhone.ActiveCfg = Release|Any CPU
		{67F9D3A8-F71E-4428-913F-C37AE82CDB24}.Release|iPhone.Build.0 = Release|Any CPU
		{67F9D3A8-F71E-4428-913F-C37AE82CDB24}.Release|iPhoneSimulator.ActiveCfg = Release|Any CPU
		{67F9D3A8-F71E-4428-913F-C37AE82CDB24}.Release|iPhoneSimulator.Build.0 = Release|Any CPU
		{67F9D3A8-F71E-4428-913F-C37AE82CDB24}.ServerConfig|Any CPU.ActiveCfg = ServerConfig|Any CPU
		{67F9D3A8-F71E-4428-913F-C37AE82CDB24}.ServerConfig|Any CPU.Build.0 = ServerConfig|Any CPU
		{67F9D3A8-F71E-4428-913F-C37AE82CDB24}.ServerConfig|iPhone.ActiveCfg = ServerConfig|Any CPU
		{67F9D3A8-F71E-4428-913F-C37AE82CDB24}.ServerConfig|iPhone.Build.0 = ServerConfig|Any CPU
		{67F9D3A8-F71E-4428-913F-C37AE82CDB24}.ServerConfig|iPhoneSimulator.ActiveCfg = ServerConfig|Any CPU
		{67F9D3A8-F71E-4428-913F-C37AE82CDB24}.ServerConfig|iPhoneSimulator.Build.0 = ServerConfig|Any CPU
		{6DCBDF91-CC1C-4FCD-B000-431BEF51A073}.Ad-Hoc|Any CPU.ActiveCfg = Release|Any CPU
		{6DCBDF91-CC1C-4FCD-B000-431BEF51A073}.Ad-Hoc|Any CPU.Build.0 = Release|Any CPU
		{6DCBDF91-CC1C-4FCD-B000-431BEF51A073}.Ad-Hoc|iPhone.ActiveCfg = Release|Any CPU
		{6DCBDF91-CC1C-4FCD-B000-431BEF51A073}.Ad-Hoc|iPhone.Build.0 = Release|Any CPU
		{6DCBDF91-CC1C-4FCD-B000-431BEF51A073}.Ad-Hoc|iPhoneSimulator.ActiveCfg = Release|Any CPU
		{6DCBDF91-CC1C-4FCD-B000-431BEF51A073}.Ad-Hoc|iPhoneSimulator.Build.0 = Release|Any CPU
		{6DCBDF91-CC1C-4FCD-B000-431BEF51A073}.AppStore|Any CPU.ActiveCfg = Release|Any CPU
		{6DCBDF91-CC1C-4FCD-B000-431BEF51A073}.AppStore|Any CPU.Build.0 = Release|Any CPU
		{6DCBDF91-CC1C-4FCD-B000-431BEF51A073}.AppStore|iPhone.ActiveCfg = Release|Any CPU
		{6DCBDF91-CC1C-4FCD-B000-431BEF51A073}.AppStore|iPhone.Build.0 = Release|Any CPU
		{6DCBDF91-CC1C-4FCD-B000-431BEF51A073}.AppStore|iPhoneSimulator.ActiveCfg = Release|Any CPU
		{6DCBDF91-CC1C-4FCD-B000-431BEF51A073}.AppStore|iPhoneSimulator.Build.0 = Release|Any CPU
		{6DCBDF91-CC1C-4FCD-B000-431BEF51A073}.Debug|Any CPU.ActiveCfg = Debug|Any CPU
		{6DCBDF91-CC1C-4FCD-B000-431BEF51A073}.Debug|Any CPU.Build.0 = Debug|Any CPU
		{6DCBDF91-CC1C-4FCD-B000-431BEF51A073}.Debug|iPhone.ActiveCfg = Debug|Any CPU
		{6DCBDF91-CC1C-4FCD-B000-431BEF51A073}.Debug|iPhone.Build.0 = Debug|Any CPU
		{6DCBDF91-CC1C-4FCD-B000-431BEF51A073}.Debug|iPhoneSimulator.ActiveCfg = Debug|Any CPU
		{6DCBDF91-CC1C-4FCD-B000-431BEF51A073}.Debug|iPhoneSimulator.Build.0 = Debug|Any CPU
		{6DCBDF91-CC1C-4FCD-B000-431BEF51A073}.Release|Any CPU.ActiveCfg = Release|Any CPU
		{6DCBDF91-CC1C-4FCD-B000-431BEF51A073}.Release|iPhone.ActiveCfg = Release|Any CPU
		{6DCBDF91-CC1C-4FCD-B000-431BEF51A073}.Release|iPhone.Build.0 = Release|Any CPU
		{6DCBDF91-CC1C-4FCD-B000-431BEF51A073}.Release|iPhoneSimulator.ActiveCfg = Release|Any CPU
		{6DCBDF91-CC1C-4FCD-B000-431BEF51A073}.Release|iPhoneSimulator.Build.0 = Release|Any CPU
		{6DCBDF91-CC1C-4FCD-B000-431BEF51A073}.ServerConfig|Any CPU.ActiveCfg = Release|Any CPU
		{6DCBDF91-CC1C-4FCD-B000-431BEF51A073}.ServerConfig|Any CPU.Build.0 = Release|Any CPU
		{6DCBDF91-CC1C-4FCD-B000-431BEF51A073}.ServerConfig|iPhone.ActiveCfg = Release|Any CPU
		{6DCBDF91-CC1C-4FCD-B000-431BEF51A073}.ServerConfig|iPhone.Build.0 = Release|Any CPU
		{6DCBDF91-CC1C-4FCD-B000-431BEF51A073}.ServerConfig|iPhoneSimulator.ActiveCfg = Release|Any CPU
		{6DCBDF91-CC1C-4FCD-B000-431BEF51A073}.ServerConfig|iPhoneSimulator.Build.0 = Release|Any CPU
		{1DD18034-334F-4350-9CB7-C90009EAB963}.Ad-Hoc|Any CPU.ActiveCfg = Release|Any CPU
		{1DD18034-334F-4350-9CB7-C90009EAB963}.Ad-Hoc|Any CPU.Build.0 = Release|Any CPU
		{1DD18034-334F-4350-9CB7-C90009EAB963}.Ad-Hoc|iPhone.ActiveCfg = Release|Any CPU
		{1DD18034-334F-4350-9CB7-C90009EAB963}.Ad-Hoc|iPhone.Build.0 = Release|Any CPU
		{1DD18034-334F-4350-9CB7-C90009EAB963}.Ad-Hoc|iPhoneSimulator.ActiveCfg = Release|Any CPU
		{1DD18034-334F-4350-9CB7-C90009EAB963}.Ad-Hoc|iPhoneSimulator.Build.0 = Release|Any CPU
		{1DD18034-334F-4350-9CB7-C90009EAB963}.AppStore|Any CPU.ActiveCfg = Release|Any CPU
		{1DD18034-334F-4350-9CB7-C90009EAB963}.AppStore|Any CPU.Build.0 = Release|Any CPU
		{1DD18034-334F-4350-9CB7-C90009EAB963}.AppStore|iPhone.ActiveCfg = Release|Any CPU
		{1DD18034-334F-4350-9CB7-C90009EAB963}.AppStore|iPhone.Build.0 = Release|Any CPU
		{1DD18034-334F-4350-9CB7-C90009EAB963}.AppStore|iPhoneSimulator.ActiveCfg = Release|Any CPU
		{1DD18034-334F-4350-9CB7-C90009EAB963}.AppStore|iPhoneSimulator.Build.0 = Release|Any CPU
		{1DD18034-334F-4350-9CB7-C90009EAB963}.Debug|Any CPU.ActiveCfg = Debug|Any CPU
		{1DD18034-334F-4350-9CB7-C90009EAB963}.Debug|iPhone.ActiveCfg = Debug|Any CPU
		{1DD18034-334F-4350-9CB7-C90009EAB963}.Debug|iPhone.Build.0 = Debug|Any CPU
		{1DD18034-334F-4350-9CB7-C90009EAB963}.Debug|iPhoneSimulator.ActiveCfg = Debug|Any CPU
		{1DD18034-334F-4350-9CB7-C90009EAB963}.Debug|iPhoneSimulator.Build.0 = Debug|Any CPU
		{1DD18034-334F-4350-9CB7-C90009EAB963}.Release|Any CPU.ActiveCfg = Release|Any CPU
		{1DD18034-334F-4350-9CB7-C90009EAB963}.Release|iPhone.ActiveCfg = Release|Any CPU
		{1DD18034-334F-4350-9CB7-C90009EAB963}.Release|iPhone.Build.0 = Release|Any CPU
		{1DD18034-334F-4350-9CB7-C90009EAB963}.Release|iPhoneSimulator.ActiveCfg = Release|Any CPU
		{1DD18034-334F-4350-9CB7-C90009EAB963}.Release|iPhoneSimulator.Build.0 = Release|Any CPU
		{1DD18034-334F-4350-9CB7-C90009EAB963}.ServerConfig|Any CPU.ActiveCfg = Release|Any CPU
		{1DD18034-334F-4350-9CB7-C90009EAB963}.ServerConfig|Any CPU.Build.0 = Release|Any CPU
		{1DD18034-334F-4350-9CB7-C90009EAB963}.ServerConfig|iPhone.ActiveCfg = Release|Any CPU
		{1DD18034-334F-4350-9CB7-C90009EAB963}.ServerConfig|iPhone.Build.0 = Release|Any CPU
		{1DD18034-334F-4350-9CB7-C90009EAB963}.ServerConfig|iPhoneSimulator.ActiveCfg = Release|Any CPU
		{1DD18034-334F-4350-9CB7-C90009EAB963}.ServerConfig|iPhoneSimulator.Build.0 = Release|Any CPU
		{A06EAE67-7D5E-4F2D-A654-64286F5BA4A4}.Ad-Hoc|Any CPU.ActiveCfg = Release|Any CPU
		{A06EAE67-7D5E-4F2D-A654-64286F5BA4A4}.Ad-Hoc|Any CPU.Build.0 = Release|Any CPU
		{A06EAE67-7D5E-4F2D-A654-64286F5BA4A4}.Ad-Hoc|iPhone.ActiveCfg = Release|Any CPU
		{A06EAE67-7D5E-4F2D-A654-64286F5BA4A4}.Ad-Hoc|iPhone.Build.0 = Release|Any CPU
		{A06EAE67-7D5E-4F2D-A654-64286F5BA4A4}.Ad-Hoc|iPhoneSimulator.ActiveCfg = Release|Any CPU
		{A06EAE67-7D5E-4F2D-A654-64286F5BA4A4}.Ad-Hoc|iPhoneSimulator.Build.0 = Release|Any CPU
		{A06EAE67-7D5E-4F2D-A654-64286F5BA4A4}.AppStore|Any CPU.ActiveCfg = Release|Any CPU
		{A06EAE67-7D5E-4F2D-A654-64286F5BA4A4}.AppStore|Any CPU.Build.0 = Release|Any CPU
		{A06EAE67-7D5E-4F2D-A654-64286F5BA4A4}.AppStore|iPhone.ActiveCfg = Release|Any CPU
		{A06EAE67-7D5E-4F2D-A654-64286F5BA4A4}.AppStore|iPhone.Build.0 = Release|Any CPU
		{A06EAE67-7D5E-4F2D-A654-64286F5BA4A4}.AppStore|iPhoneSimulator.ActiveCfg = Release|Any CPU
		{A06EAE67-7D5E-4F2D-A654-64286F5BA4A4}.AppStore|iPhoneSimulator.Build.0 = Release|Any CPU
		{A06EAE67-7D5E-4F2D-A654-64286F5BA4A4}.Debug|Any CPU.ActiveCfg = Debug|Any CPU
		{A06EAE67-7D5E-4F2D-A654-64286F5BA4A4}.Debug|Any CPU.Build.0 = Debug|Any CPU
		{A06EAE67-7D5E-4F2D-A654-64286F5BA4A4}.Debug|iPhone.ActiveCfg = Debug|Any CPU
		{A06EAE67-7D5E-4F2D-A654-64286F5BA4A4}.Debug|iPhone.Build.0 = Debug|Any CPU
		{A06EAE67-7D5E-4F2D-A654-64286F5BA4A4}.Debug|iPhoneSimulator.ActiveCfg = Debug|Any CPU
		{A06EAE67-7D5E-4F2D-A654-64286F5BA4A4}.Debug|iPhoneSimulator.Build.0 = Debug|Any CPU
		{A06EAE67-7D5E-4F2D-A654-64286F5BA4A4}.Release|Any CPU.ActiveCfg = Release|Any CPU
		{A06EAE67-7D5E-4F2D-A654-64286F5BA4A4}.Release|iPhone.ActiveCfg = Release|Any CPU
		{A06EAE67-7D5E-4F2D-A654-64286F5BA4A4}.Release|iPhone.Build.0 = Release|Any CPU
		{A06EAE67-7D5E-4F2D-A654-64286F5BA4A4}.Release|iPhoneSimulator.ActiveCfg = Release|Any CPU
		{A06EAE67-7D5E-4F2D-A654-64286F5BA4A4}.Release|iPhoneSimulator.Build.0 = Release|Any CPU
		{A06EAE67-7D5E-4F2D-A654-64286F5BA4A4}.ServerConfig|Any CPU.ActiveCfg = Release|Any CPU
		{A06EAE67-7D5E-4F2D-A654-64286F5BA4A4}.ServerConfig|Any CPU.Build.0 = Release|Any CPU
		{A06EAE67-7D5E-4F2D-A654-64286F5BA4A4}.ServerConfig|iPhone.ActiveCfg = Release|Any CPU
		{A06EAE67-7D5E-4F2D-A654-64286F5BA4A4}.ServerConfig|iPhone.Build.0 = Release|Any CPU
		{A06EAE67-7D5E-4F2D-A654-64286F5BA4A4}.ServerConfig|iPhoneSimulator.ActiveCfg = Release|Any CPU
		{A06EAE67-7D5E-4F2D-A654-64286F5BA4A4}.ServerConfig|iPhoneSimulator.Build.0 = Release|Any CPU
		{F2BE275D-096A-43FF-AE70-14F1BD814922}.Ad-Hoc|Any CPU.ActiveCfg = Release|Any CPU
		{F2BE275D-096A-43FF-AE70-14F1BD814922}.Ad-Hoc|Any CPU.Build.0 = Release|Any CPU
		{F2BE275D-096A-43FF-AE70-14F1BD814922}.Ad-Hoc|iPhone.ActiveCfg = Release|Any CPU
		{F2BE275D-096A-43FF-AE70-14F1BD814922}.Ad-Hoc|iPhone.Build.0 = Release|Any CPU
		{F2BE275D-096A-43FF-AE70-14F1BD814922}.Ad-Hoc|iPhoneSimulator.ActiveCfg = Release|Any CPU
		{F2BE275D-096A-43FF-AE70-14F1BD814922}.Ad-Hoc|iPhoneSimulator.Build.0 = Release|Any CPU
		{F2BE275D-096A-43FF-AE70-14F1BD814922}.AppStore|Any CPU.ActiveCfg = Release|Any CPU
		{F2BE275D-096A-43FF-AE70-14F1BD814922}.AppStore|Any CPU.Build.0 = Release|Any CPU
		{F2BE275D-096A-43FF-AE70-14F1BD814922}.AppStore|iPhone.ActiveCfg = Release|Any CPU
		{F2BE275D-096A-43FF-AE70-14F1BD814922}.AppStore|iPhone.Build.0 = Release|Any CPU
		{F2BE275D-096A-43FF-AE70-14F1BD814922}.AppStore|iPhoneSimulator.ActiveCfg = Release|Any CPU
		{F2BE275D-096A-43FF-AE70-14F1BD814922}.AppStore|iPhoneSimulator.Build.0 = Release|Any CPU
		{F2BE275D-096A-43FF-AE70-14F1BD814922}.Debug|Any CPU.ActiveCfg = Debug|Any CPU
		{F2BE275D-096A-43FF-AE70-14F1BD814922}.Debug|Any CPU.Build.0 = Debug|Any CPU
		{F2BE275D-096A-43FF-AE70-14F1BD814922}.Debug|iPhone.ActiveCfg = Debug|Any CPU
		{F2BE275D-096A-43FF-AE70-14F1BD814922}.Debug|iPhone.Build.0 = Debug|Any CPU
		{F2BE275D-096A-43FF-AE70-14F1BD814922}.Debug|iPhoneSimulator.ActiveCfg = Debug|Any CPU
		{F2BE275D-096A-43FF-AE70-14F1BD814922}.Debug|iPhoneSimulator.Build.0 = Debug|Any CPU
		{F2BE275D-096A-43FF-AE70-14F1BD814922}.Release|Any CPU.ActiveCfg = Release|Any CPU
		{F2BE275D-096A-43FF-AE70-14F1BD814922}.Release|iPhone.ActiveCfg = Release|Any CPU
		{F2BE275D-096A-43FF-AE70-14F1BD814922}.Release|iPhone.Build.0 = Release|Any CPU
		{F2BE275D-096A-43FF-AE70-14F1BD814922}.Release|iPhoneSimulator.ActiveCfg = Release|Any CPU
		{F2BE275D-096A-43FF-AE70-14F1BD814922}.Release|iPhoneSimulator.Build.0 = Release|Any CPU
		{F2BE275D-096A-43FF-AE70-14F1BD814922}.ServerConfig|Any CPU.ActiveCfg = Release|Any CPU
		{F2BE275D-096A-43FF-AE70-14F1BD814922}.ServerConfig|Any CPU.Build.0 = Release|Any CPU
		{F2BE275D-096A-43FF-AE70-14F1BD814922}.ServerConfig|iPhone.ActiveCfg = Release|Any CPU
		{F2BE275D-096A-43FF-AE70-14F1BD814922}.ServerConfig|iPhone.Build.0 = Release|Any CPU
		{F2BE275D-096A-43FF-AE70-14F1BD814922}.ServerConfig|iPhoneSimulator.ActiveCfg = Release|Any CPU
		{F2BE275D-096A-43FF-AE70-14F1BD814922}.ServerConfig|iPhoneSimulator.Build.0 = Release|Any CPU
		{1533D02C-BC00-491B-BEE3-23D7BB8235B0}.Ad-Hoc|Any CPU.ActiveCfg = Release|Any CPU
		{1533D02C-BC00-491B-BEE3-23D7BB8235B0}.Ad-Hoc|Any CPU.Build.0 = Release|Any CPU
		{1533D02C-BC00-491B-BEE3-23D7BB8235B0}.Ad-Hoc|iPhone.ActiveCfg = Release|Any CPU
		{1533D02C-BC00-491B-BEE3-23D7BB8235B0}.Ad-Hoc|iPhone.Build.0 = Release|Any CPU
		{1533D02C-BC00-491B-BEE3-23D7BB8235B0}.Ad-Hoc|iPhoneSimulator.ActiveCfg = Release|Any CPU
		{1533D02C-BC00-491B-BEE3-23D7BB8235B0}.Ad-Hoc|iPhoneSimulator.Build.0 = Release|Any CPU
		{1533D02C-BC00-491B-BEE3-23D7BB8235B0}.AppStore|Any CPU.ActiveCfg = Release|Any CPU
		{1533D02C-BC00-491B-BEE3-23D7BB8235B0}.AppStore|Any CPU.Build.0 = Release|Any CPU
		{1533D02C-BC00-491B-BEE3-23D7BB8235B0}.AppStore|iPhone.ActiveCfg = Release|Any CPU
		{1533D02C-BC00-491B-BEE3-23D7BB8235B0}.AppStore|iPhone.Build.0 = Release|Any CPU
		{1533D02C-BC00-491B-BEE3-23D7BB8235B0}.AppStore|iPhoneSimulator.ActiveCfg = Release|Any CPU
		{1533D02C-BC00-491B-BEE3-23D7BB8235B0}.AppStore|iPhoneSimulator.Build.0 = Release|Any CPU
		{1533D02C-BC00-491B-BEE3-23D7BB8235B0}.Debug|Any CPU.ActiveCfg = Debug|Any CPU
		{1533D02C-BC00-491B-BEE3-23D7BB8235B0}.Debug|Any CPU.Build.0 = Debug|Any CPU
		{1533D02C-BC00-491B-BEE3-23D7BB8235B0}.Debug|iPhone.ActiveCfg = Debug|Any CPU
		{1533D02C-BC00-491B-BEE3-23D7BB8235B0}.Debug|iPhone.Build.0 = Debug|Any CPU
		{1533D02C-BC00-491B-BEE3-23D7BB8235B0}.Debug|iPhoneSimulator.ActiveCfg = Debug|Any CPU
		{1533D02C-BC00-491B-BEE3-23D7BB8235B0}.Debug|iPhoneSimulator.Build.0 = Debug|Any CPU
		{1533D02C-BC00-491B-BEE3-23D7BB8235B0}.Release|Any CPU.ActiveCfg = Release|Any CPU
		{1533D02C-BC00-491B-BEE3-23D7BB8235B0}.Release|iPhone.ActiveCfg = Release|Any CPU
		{1533D02C-BC00-491B-BEE3-23D7BB8235B0}.Release|iPhone.Build.0 = Release|Any CPU
		{1533D02C-BC00-491B-BEE3-23D7BB8235B0}.Release|iPhoneSimulator.ActiveCfg = Release|Any CPU
		{1533D02C-BC00-491B-BEE3-23D7BB8235B0}.Release|iPhoneSimulator.Build.0 = Release|Any CPU
		{1533D02C-BC00-491B-BEE3-23D7BB8235B0}.ServerConfig|Any CPU.ActiveCfg = Release|Any CPU
		{1533D02C-BC00-491B-BEE3-23D7BB8235B0}.ServerConfig|Any CPU.Build.0 = Release|Any CPU
		{1533D02C-BC00-491B-BEE3-23D7BB8235B0}.ServerConfig|iPhone.ActiveCfg = Release|Any CPU
		{1533D02C-BC00-491B-BEE3-23D7BB8235B0}.ServerConfig|iPhone.Build.0 = Release|Any CPU
		{1533D02C-BC00-491B-BEE3-23D7BB8235B0}.ServerConfig|iPhoneSimulator.ActiveCfg = Release|Any CPU
		{1533D02C-BC00-491B-BEE3-23D7BB8235B0}.ServerConfig|iPhoneSimulator.Build.0 = Release|Any CPU
	EndGlobalSection
	GlobalSection(SolutionProperties) = preSolution
		HideSolutionNode = FALSE
	EndGlobalSection
	GlobalSection(NestedProjects) = preSolution
		{4F365CD0-F703-4972-92C5-DFE9AAD409FD} = {A48A24F6-CA7C-4799-B58F-78874B1C3D27}
		{BDE0CADB-AA9A-494B-B42F-B1AE0F7AD897} = {A48A24F6-CA7C-4799-B58F-78874B1C3D27}
		{EAA53BB2-6B56-4583-B9CB-1F0125260144} = {A48A24F6-CA7C-4799-B58F-78874B1C3D27}
		{67F9D3A8-F71E-4428-913F-C37AE82CDB24} = {A48A24F6-CA7C-4799-B58F-78874B1C3D27}
		{6DCBDF91-CC1C-4FCD-B000-431BEF51A073} = {2EB38538-40CB-4E17-8FD7-C23F563A5C25}
		{1DD18034-334F-4350-9CB7-C90009EAB963} = {2EB38538-40CB-4E17-8FD7-C23F563A5C25}
		{A06EAE67-7D5E-4F2D-A654-64286F5BA4A4} = {2EB38538-40CB-4E17-8FD7-C23F563A5C25}
		{F2BE275D-096A-43FF-AE70-14F1BD814922} = {2EB38538-40CB-4E17-8FD7-C23F563A5C25}
		{1533D02C-BC00-491B-BEE3-23D7BB8235B0} = {2EB38538-40CB-4E17-8FD7-C23F563A5C25}
	EndGlobalSection
EndGlobal
